
Microsoft Visual Studio Solution File, Format Version 12.00
# Visual Studio 15
VisualStudioVersion = 15.0.28307.645
MinimumVisualStudioVersion = 10.0.40219.1
Project("{FAE04EC0-301F-11D3-BF4B-00C04F79EFBC}") = "JWTAuthentication", "JWTAuthentication\JWTAuthentication.csproj", "{8CED5231-0A09-4640-A3F5-7A930FAF7690}"
EndProject
Global
	GlobalSection(SolutionConfigurationPlatforms) = preSolution
		Debug|Any CPU = Debug|Any CPU
		Release|Any CPU = Release|Any CPU
	EndGlobalSection
	GlobalSection(ProjectConfigurationPlatforms) = postSolution
		{8CED5231-0A09-4640-A3F5-7A930FAF7690}.Debug|Any CPU.ActiveCfg = Debug|Any CPU
		{8CED5231-0A09-4640-A3F5-7A930FAF7690}.Debug|Any CPU.Build.0 = Debug|Any CPU
		{8CED5231-0A09-4640-A3F5-7A930FAF7690}.Release|Any CPU.ActiveCfg = Release|Any CPU
		{8CED5231-0A09-4640-A3F5-7A930FAF7690}.Release|Any CPU.Build.0 = Release|Any CPU
	EndGlobalSection
	GlobalSection(SolutionProperties) = preSolution
		HideSolutionNode = FALSE
	EndGlobalSection
	GlobalSection(ExtensibilityGlobals) = postSolution
		SolutionGuid = {561BD06C-CA7F-426D-924B-902C0CCDBDCB}
	EndGlobalSection
EndGlobal
