
Microsoft Visual Studio Solution File, Format Version 12.00
# Visual Studio Version 16
VisualStudioVersion = 16.0.29519.181
MinimumVisualStudioVersion = 15.0.26124.0
Project("{9A19103F-16F7-4668-BE54-9A1E7A4F7556}") = "IdentityManagement", "IdentityManagement\IdentityManagement.csproj", "{42EDF2D3-AC9F-4B54-99AB-EE0EADDAA84C}"
EndProject
Project("{FAE04EC0-301F-11D3-BF4B-00C04F79EFBC}") = "IdentityClient", "..\IdentityClient\IdentityClient\IdentityClient.csproj", "{D959ECD6-53DE-4544-B7D7-9463C67885B2}"
EndProject
Global
	GlobalSection(SolutionConfigurationPlatforms) = preSolution
		Debug|Any CPU = Debug|Any CPU
		Debug|x64 = Debug|x64
		Debug|x86 = Debug|x86
		Release|Any CPU = Release|Any CPU
		Release|x64 = Release|x64
		Release|x86 = Release|x86
	EndGlobalSection
	GlobalSection(ProjectConfigurationPlatforms) = postSolution
		{42EDF2D3-AC9F-4B54-99AB-EE0EADDAA84C}.Debug|Any CPU.ActiveCfg = Debug|Any CPU
		{42EDF2D3-AC9F-4B54-99AB-EE0EADDAA84C}.Debug|Any CPU.Build.0 = Debug|Any CPU
		{42EDF2D3-AC9F-4B54-99AB-EE0EADDAA84C}.Debug|x64.ActiveCfg = Debug|Any CPU
		{42EDF2D3-AC9F-4B54-99AB-EE0EADDAA84C}.Debug|x64.Build.0 = Debug|Any CPU
		{42EDF2D3-AC9F-4B54-99AB-EE0EADDAA84C}.Debug|x86.ActiveCfg = Debug|Any CPU
		{42EDF2D3-AC9F-4B54-99AB-EE0EADDAA84C}.Debug|x86.Build.0 = Debug|Any CPU
		{42EDF2D3-AC9F-4B54-99AB-EE0EADDAA84C}.Release|Any CPU.ActiveCfg = Release|Any CPU
		{42EDF2D3-AC9F-4B54-99AB-EE0EADDAA84C}.Release|Any CPU.Build.0 = Release|Any CPU
		{42EDF2D3-AC9F-4B54-99AB-EE0EADDAA84C}.Release|x64.ActiveCfg = Release|Any CPU
		{42EDF2D3-AC9F-4B54-99AB-EE0EADDAA84C}.Release|x64.Build.0 = Release|Any CPU
		{42EDF2D3-AC9F-4B54-99AB-EE0EADDAA84C}.Release|x86.ActiveCfg = Release|Any CPU
		{42EDF2D3-AC9F-4B54-99AB-EE0EADDAA84C}.Release|x86.Build.0 = Release|Any CPU
		{D959ECD6-53DE-4544-B7D7-9463C67885B2}.Debug|Any CPU.ActiveCfg = Debug|Any CPU
		{D959ECD6-53DE-4544-B7D7-9463C67885B2}.Debug|Any CPU.Build.0 = Debug|Any CPU
		{D959ECD6-53DE-4544-B7D7-9463C67885B2}.Debug|x64.ActiveCfg = Debug|Any CPU
		{D959ECD6-53DE-4544-B7D7-9463C67885B2}.Debug|x64.Build.0 = Debug|Any CPU
		{D959ECD6-53DE-4544-B7D7-9463C67885B2}.Debug|x86.ActiveCfg = Debug|Any CPU
		{D959ECD6-53DE-4544-B7D7-9463C67885B2}.Debug|x86.Build.0 = Debug|Any CPU
		{D959ECD6-53DE-4544-B7D7-9463C67885B2}.Release|Any CPU.ActiveCfg = Release|Any CPU
		{D959ECD6-53DE-4544-B7D7-9463C67885B2}.Release|Any CPU.Build.0 = Release|Any CPU
		{D959ECD6-53DE-4544-B7D7-9463C67885B2}.Release|x64.ActiveCfg = Release|Any CPU
		{D959ECD6-53DE-4544-B7D7-9463C67885B2}.Release|x64.Build.0 = Release|Any CPU
		{D959ECD6-53DE-4544-B7D7-9463C67885B2}.Release|x86.ActiveCfg = Release|Any CPU
		{D959ECD6-53DE-4544-B7D7-9463C67885B2}.Release|x86.Build.0 = Release|Any CPU
	EndGlobalSection
	GlobalSection(SolutionProperties) = preSolution
		HideSolutionNode = FALSE
	EndGlobalSection
	GlobalSection(ExtensibilityGlobals) = postSolution
		SolutionGuid = {DAEE9038-5488-40F1-9E57-9F3F66B989C9}
	EndGlobalSection
EndGlobal
